
Microsoft Visual Studio Solution File, Format Version 12.00
# Visual Studio Version 16
VisualStudioVersion = 16.0.29728.190
MinimumVisualStudioVersion = 10.0.40219.1
Project("{8BC9CEB8-8B4A-11D0-8D11-00A0C91BC942}") = "Grader", "Grader.vcxproj", "{10D3C11C-42E4-4B1A-862E-CF977C0301BB}"
EndProject
Project("{8BC9CEB8-8B4A-11D0-8D11-00A0C91BC942}") = "Tester", "..\Tester\Tester.vcxproj", "{051709D4-47BD-4575-AD0A-4F2B59E13C69}"
EndProject
Global
	GlobalSection(SolutionConfigurationPlatforms) = preSolution
		Debug|x64 = Debug|x64
		Debug|x86 = Debug|x86
		Release|x64 = Release|x64
		Release|x86 = Release|x86
	EndGlobalSection
	GlobalSection(ProjectConfigurationPlatforms) = postSolution
		{10D3C11C-42E4-4B1A-862E-CF977C0301BB}.Debug|x64.ActiveCfg = Debug|x64
		{10D3C11C-42E4-4B1A-862E-CF977C0301BB}.Debug|x64.Build.0 = Debug|x64
		{10D3C11C-42E4-4B1A-862E-CF977C0301BB}.Debug|x86.ActiveCfg = Debug|Win32
		{10D3C11C-42E4-4B1A-862E-CF977C0301BB}.Debug|x86.Build.0 = Debug|Win32
		{10D3C11C-42E4-4B1A-862E-CF977C0301BB}.Release|x64.ActiveCfg = Release|x64
		{10D3C11C-42E4-4B1A-862E-CF977C0301BB}.Release|x64.Build.0 = Release|x64
		{10D3C11C-42E4-4B1A-862E-CF977C0301BB}.Release|x86.ActiveCfg = Release|Win32
		{10D3C11C-42E4-4B1A-862E-CF977C0301BB}.Release|x86.Build.0 = Release|Win32
		{051709D4-47BD-4575-AD0A-4F2B59E13C69}.Debug|x64.ActiveCfg = Debug|x64
		{051709D4-47BD-4575-AD0A-4F2B59E13C69}.Debug|x64.Build.0 = Debug|x64
		{051709D4-47BD-4575-AD0A-4F2B59E13C69}.Debug|x86.ActiveCfg = Debug|Win32
		{051709D4-47BD-4575-AD0A-4F2B59E13C69}.Debug|x86.Build.0 = Debug|Win32
		{051709D4-47BD-4575-AD0A-4F2B59E13C69}.Release|x64.ActiveCfg = Release|x64
		{051709D4-47BD-4575-AD0A-4F2B59E13C69}.Release|x64.Build.0 = Release|x64
		{051709D4-47BD-4575-AD0A-4F2B59E13C69}.Release|x86.ActiveCfg = Release|Win32
		{051709D4-47BD-4575-AD0A-4F2B59E13C69}.Release|x86.Build.0 = Release|Win32
	EndGlobalSection
	GlobalSection(SolutionProperties) = preSolution
		HideSolutionNode = FALSE
	EndGlobalSection
	GlobalSection(ExtensibilityGlobals) = postSolution
		SolutionGuid = {306C75AA-6822-4138-9FA9-72D89C5BE643}
	EndGlobalSection
EndGlobal
